
Microsoft Visual Studio Solution File, Format Version 12.00
# Visual Studio Version 16
VisualStudioVersion = 16.0.30503.244
MinimumVisualStudioVersion = 10.0.40219.1
Project("{2150E333-8FDC-42A3-9474-1A3956D46DE8}") = "src", "src", "{CE627866-6F21-4C0D-97DF-F84BF6444192}"
EndProject
Project("{2150E333-8FDC-42A3-9474-1A3956D46DE8}") = "test", "test", "{C5C9A9DD-A479-43DC-AC88-2888FED9C85E}"
EndProject
Project("{9A19103F-16F7-4668-BE54-9A1E7A4F7556}") = "EasyNet", "src\EasyNet\EasyNet.csproj", "{0DC27678-B8FB-4D2F-A7EE-2F3C7E03F36A}"
EndProject
Project("{9A19103F-16F7-4668-BE54-9A1E7A4F7556}") = "EasyNet.Tests", "test\EasyNet.Tests\EasyNet.Tests.csproj", "{E9F07229-3BCC-4D6C-A2C3-1D98A27E272F}"
EndProject
Project("{9A19103F-16F7-4668-BE54-9A1E7A4F7556}") = "EasyNet.CommonTests", "test\EasyNet.CommonTests\EasyNet.CommonTests.csproj", "{DB3B2B01-6C80-456B-9F74-0C0FE5219F29}"
EndProject
Project("{9A19103F-16F7-4668-BE54-9A1E7A4F7556}") = "EasyNet.EntityFrameworkCore.Tests", "test\EasyNet.EntityFrameworkCore.Tests\EasyNet.EntityFrameworkCore.Tests.csproj", "{F479D8DC-7D7E-489A-890F-E11D11406EAA}"
EndProject
Project("{9A19103F-16F7-4668-BE54-9A1E7A4F7556}") = "EasyNet.EntityFrameworkCore", "src\EasyNet.EntityFrameworkCore\EasyNet.EntityFrameworkCore.csproj", "{465B041D-8F8E-4748-8589-B814F27CC8D4}"
EndProject
Project("{9A19103F-16F7-4668-BE54-9A1E7A4F7556}") = "EasyNet.Identity.EntityFrameworkCore", "src\EasyNet.Identity.EntityFrameworkCore\EasyNet.Identity.EntityFrameworkCore.csproj", "{EE7C42A1-4E46-48F1-95A3-FC7110A10FD8}"
EndProject
Project("{9A19103F-16F7-4668-BE54-9A1E7A4F7556}") = "EasyNet.Identity.EntityFrameworkCore.Tests", "test\EasyNet.Identity.EntityFrameworkCore.Tests\EasyNet.Identity.EntityFrameworkCore.Tests.csproj", "{D2E9C128-267F-492D-B993-83E556762305}"
EndProject
Project("{9A19103F-16F7-4668-BE54-9A1E7A4F7556}") = "EasyNet.Identity.EntityFrameworkCore.UI", "src\EasyNet.Identity.EntityFrameworkCore.UI\EasyNet.Identity.EntityFrameworkCore.UI.csproj", "{71E7DCCC-E89C-4E62-B690-C59F971D859B}"
EndProject
Project("{2150E333-8FDC-42A3-9474-1A3956D46DE8}") = "Data", "Data", "{84B8ED1C-58F0-46FC-8437-B9F462CC0A62}"
EndProject
Project("{9A19103F-16F7-4668-BE54-9A1E7A4F7556}") = "EasyNet.SqlLite", "src\EasyNet.SqlLite\EasyNet.SqlLite.csproj", "{5F935C0E-C277-4672-8743-26D90D3FA81D}"
EndProject
Project("{FAE04EC0-301F-11D3-BF4B-00C04F79EFBC}") = "EasyNet.SqlLite.Tests", "test\EasyNet.SqlLite.Tests\EasyNet.SqlLite.Tests.csproj", "{DB23AE58-70BD-41FC-9013-1DEB4B385627}"
EndProject
Global
	GlobalSection(SolutionConfigurationPlatforms) = preSolution
		Debug|Any CPU = Debug|Any CPU
		Release|Any CPU = Release|Any CPU
	EndGlobalSection
	GlobalSection(ProjectConfigurationPlatforms) = postSolution
		{0DC27678-B8FB-4D2F-A7EE-2F3C7E03F36A}.Debug|Any CPU.ActiveCfg = Debug|Any CPU
		{0DC27678-B8FB-4D2F-A7EE-2F3C7E03F36A}.Debug|Any CPU.Build.0 = Debug|Any CPU
		{0DC27678-B8FB-4D2F-A7EE-2F3C7E03F36A}.Release|Any CPU.ActiveCfg = Release|Any CPU
		{0DC27678-B8FB-4D2F-A7EE-2F3C7E03F36A}.Release|Any CPU.Build.0 = Release|Any CPU
		{E9F07229-3BCC-4D6C-A2C3-1D98A27E272F}.Debug|Any CPU.ActiveCfg = Debug|Any CPU
		{E9F07229-3BCC-4D6C-A2C3-1D98A27E272F}.Debug|Any CPU.Build.0 = Debug|Any CPU
		{E9F07229-3BCC-4D6C-A2C3-1D98A27E272F}.Release|Any CPU.ActiveCfg = Release|Any CPU
		{E9F07229-3BCC-4D6C-A2C3-1D98A27E272F}.Release|Any CPU.Build.0 = Release|Any CPU
		{DB3B2B01-6C80-456B-9F74-0C0FE5219F29}.Debug|Any CPU.ActiveCfg = Debug|Any CPU
		{DB3B2B01-6C80-456B-9F74-0C0FE5219F29}.Debug|Any CPU.Build.0 = Debug|Any CPU
		{DB3B2B01-6C80-456B-9F74-0C0FE5219F29}.Release|Any CPU.ActiveCfg = Release|Any CPU
		{DB3B2B01-6C80-456B-9F74-0C0FE5219F29}.Release|Any CPU.Build.0 = Release|Any CPU
		{F479D8DC-7D7E-489A-890F-E11D11406EAA}.Debug|Any CPU.ActiveCfg = Debug|Any CPU
		{F479D8DC-7D7E-489A-890F-E11D11406EAA}.Debug|Any CPU.Build.0 = Debug|Any CPU
		{F479D8DC-7D7E-489A-890F-E11D11406EAA}.Release|Any CPU.ActiveCfg = Release|Any CPU
		{F479D8DC-7D7E-489A-890F-E11D11406EAA}.Release|Any CPU.Build.0 = Release|Any CPU
		{465B041D-8F8E-4748-8589-B814F27CC8D4}.Debug|Any CPU.ActiveCfg = Debug|Any CPU
		{465B041D-8F8E-4748-8589-B814F27CC8D4}.Debug|Any CPU.Build.0 = Debug|Any CPU
		{465B041D-8F8E-4748-8589-B814F27CC8D4}.Release|Any CPU.ActiveCfg = Release|Any CPU
		{465B041D-8F8E-4748-8589-B814F27CC8D4}.Release|Any CPU.Build.0 = Release|Any CPU
		{EE7C42A1-4E46-48F1-95A3-FC7110A10FD8}.Debug|Any CPU.ActiveCfg = Debug|Any CPU
		{EE7C42A1-4E46-48F1-95A3-FC7110A10FD8}.Debug|Any CPU.Build.0 = Debug|Any CPU
		{EE7C42A1-4E46-48F1-95A3-FC7110A10FD8}.Release|Any CPU.ActiveCfg = Release|Any CPU
		{EE7C42A1-4E46-48F1-95A3-FC7110A10FD8}.Release|Any CPU.Build.0 = Release|Any CPU
		{D2E9C128-267F-492D-B993-83E556762305}.Debug|Any CPU.ActiveCfg = Debug|Any CPU
		{D2E9C128-267F-492D-B993-83E556762305}.Debug|Any CPU.Build.0 = Debug|Any CPU
		{D2E9C128-267F-492D-B993-83E556762305}.Release|Any CPU.ActiveCfg = Release|Any CPU
		{D2E9C128-267F-492D-B993-83E556762305}.Release|Any CPU.Build.0 = Release|Any CPU
		{71E7DCCC-E89C-4E62-B690-C59F971D859B}.Debug|Any CPU.ActiveCfg = Debug|Any CPU
		{71E7DCCC-E89C-4E62-B690-C59F971D859B}.Debug|Any CPU.Build.0 = Debug|Any CPU
		{71E7DCCC-E89C-4E62-B690-C59F971D859B}.Release|Any CPU.ActiveCfg = Release|Any CPU
		{71E7DCCC-E89C-4E62-B690-C59F971D859B}.Release|Any CPU.Build.0 = Release|Any CPU
		{5F935C0E-C277-4672-8743-26D90D3FA81D}.Debug|Any CPU.ActiveCfg = Debug|Any CPU
		{5F935C0E-C277-4672-8743-26D90D3FA81D}.Debug|Any CPU.Build.0 = Debug|Any CPU
		{5F935C0E-C277-4672-8743-26D90D3FA81D}.Release|Any CPU.ActiveCfg = Release|Any CPU
		{5F935C0E-C277-4672-8743-26D90D3FA81D}.Release|Any CPU.Build.0 = Release|Any CPU
		{DB23AE58-70BD-41FC-9013-1DEB4B385627}.Debug|Any CPU.ActiveCfg = Debug|Any CPU
		{DB23AE58-70BD-41FC-9013-1DEB4B385627}.Debug|Any CPU.Build.0 = Debug|Any CPU
		{DB23AE58-70BD-41FC-9013-1DEB4B385627}.Release|Any CPU.ActiveCfg = Release|Any CPU
		{DB23AE58-70BD-41FC-9013-1DEB4B385627}.Release|Any CPU.Build.0 = Release|Any CPU
	EndGlobalSection
	GlobalSection(SolutionProperties) = preSolution
		HideSolutionNode = FALSE
	EndGlobalSection
	GlobalSection(NestedProjects) = preSolution
		{0DC27678-B8FB-4D2F-A7EE-2F3C7E03F36A} = {CE627866-6F21-4C0D-97DF-F84BF6444192}
		{E9F07229-3BCC-4D6C-A2C3-1D98A27E272F} = {C5C9A9DD-A479-43DC-AC88-2888FED9C85E}
		{DB3B2B01-6C80-456B-9F74-0C0FE5219F29} = {C5C9A9DD-A479-43DC-AC88-2888FED9C85E}
		{F479D8DC-7D7E-489A-890F-E11D11406EAA} = {C5C9A9DD-A479-43DC-AC88-2888FED9C85E}
		{465B041D-8F8E-4748-8589-B814F27CC8D4} = {84B8ED1C-58F0-46FC-8437-B9F462CC0A62}
		{EE7C42A1-4E46-48F1-95A3-FC7110A10FD8} = {CE627866-6F21-4C0D-97DF-F84BF6444192}
		{D2E9C128-267F-492D-B993-83E556762305} = {C5C9A9DD-A479-43DC-AC88-2888FED9C85E}
		{71E7DCCC-E89C-4E62-B690-C59F971D859B} = {CE627866-6F21-4C0D-97DF-F84BF6444192}
		{84B8ED1C-58F0-46FC-8437-B9F462CC0A62} = {CE627866-6F21-4C0D-97DF-F84BF6444192}
		{5F935C0E-C277-4672-8743-26D90D3FA81D} = {84B8ED1C-58F0-46FC-8437-B9F462CC0A62}
		{DB23AE58-70BD-41FC-9013-1DEB4B385627} = {C5C9A9DD-A479-43DC-AC88-2888FED9C85E}
	EndGlobalSection
	GlobalSection(ExtensibilityGlobals) = postSolution
		SolutionGuid = {40A59E7E-4882-4AB1-9962-76AC5A32F4B8}
	EndGlobalSection
EndGlobal
